// !$*UTF8*$!
{
	archiveVersion = 1;
	classes = {
	};
	objectVersion = 55;
	objects = {

/* Begin PBXBuildFile section */
		3E10C7582B24F63B0069F7C8 /* first_gitApp.swift in Sources */ = {isa = PBXBuildFile; fileRef = 3E10C7442B24F6390069F7C8 /* first_gitApp.swift */; };
		3E10C7592B24F63B0069F7C8 /* first_gitApp.swift in Sources */ = {isa = PBXBuildFile; fileRef = 3E10C7442B24F6390069F7C8 /* first_gitApp.swift */; };
		3E10C75A2B24F63B0069F7C8 /* first_gitDocument.swift in Sources */ = {isa = PBXBuildFile; fileRef = 3E10C7452B24F6390069F7C8 /* first_gitDocument.swift */; };
		3E10C75B2B24F63B0069F7C8 /* first_gitDocument.swift in Sources */ = {isa = PBXBuildFile; fileRef = 3E10C7452B24F6390069F7C8 /* first_gitDocument.swift */; };
		3E10C75C2B24F63B0069F7C8 /* ContentView.swift in Sources */ = {isa = PBXBuildFile; fileRef = 3E10C7462B24F6390069F7C8 /* ContentView.swift */; };
		3E10C75D2B24F63B0069F7C8 /* ContentView.swift in Sources */ = {isa = PBXBuildFile; fileRef = 3E10C7462B24F6390069F7C8 /* ContentView.swift */; };
		3E10C75E2B24F63B0069F7C8 /* Assets.xcassets in Resources */ = {isa = PBXBuildFile; fileRef = 3E10C7472B24F63B0069F7C8 /* Assets.xcassets */; };
		3E10C75F2B24F63B0069F7C8 /* Assets.xcassets in Resources */ = {isa = PBXBuildFile; fileRef = 3E10C7472B24F63B0069F7C8 /* Assets.xcassets */; };
/* End PBXBuildFile section */

/* Begin PBXFileReference section */
		3E10C7442B24F6390069F7C8 /* first_gitApp.swift */ = {isa = PBXFileReference; lastKnownFileType = sourcecode.swift; path = first_gitApp.swift; sourceTree = "<group>"; };
		3E10C7452B24F6390069F7C8 /* first_gitDocument.swift */ = {isa = PBXFileReference; lastKnownFileType = sourcecode.swift; path = first_gitDocument.swift; sourceTree = "<group>"; };
		3E10C7462B24F6390069F7C8 /* ContentView.swift */ = {isa = PBXFileReference; lastKnownFileType = sourcecode.swift; path = ContentView.swift; sourceTree = "<group>"; };
		3E10C7472B24F63B0069F7C8 /* Assets.xcassets */ = {isa = PBXFileReference; lastKnownFileType = folder.assetcatalog; path = Assets.xcassets; sourceTree = "<group>"; };
		3E10C74C2B24F63B0069F7C8 /* first git.app */ = {isa = PBXFileReference; explicitFileType = wrapper.application; includeInIndex = 0; path = "first git.app"; sourceTree = BUILT_PRODUCTS_DIR; };
		3E10C74F2B24F63B0069F7C8 /* Info.plist */ = {isa = PBXFileReference; lastKnownFileType = text.plist.xml; path = Info.plist; sourceTree = "<group>"; };
		3E10C7542B24F63B0069F7C8 /* first git.app */ = {isa = PBXFileReference; explicitFileType = wrapper.application; includeInIndex = 0; path = "first git.app"; sourceTree = BUILT_PRODUCTS_DIR; };
		3E10C7562B24F63B0069F7C8 /* Info.plist */ = {isa = PBXFileReference; lastKnownFileType = text.plist.xml; path = Info.plist; sourceTree = "<group>"; };
		3E10C7572B24F63B0069F7C8 /* macOS.entitlements */ = {isa = PBXFileReference; lastKnownFileType = text.plist.entitlements; path = macOS.entitlements; sourceTree = "<group>"; };
/* End PBXFileReference section */

/* Begin PBXFrameworksBuildPhase section */
		3E10C7492B24F63B0069F7C8 /* Frameworks */ = {
			isa = PBXFrameworksBuildPhase;
			buildActionMask = 2147483647;
			files = (
			);
			runOnlyForDeploymentPostprocessing = 0;
		};
		3E10C7512B24F63B0069F7C8 /* Frameworks */ = {
			isa = PBXFrameworksBuildPhase;
			buildActionMask = 2147483647;
			files = (
			);
			runOnlyForDeploymentPostprocessing = 0;
		};
/* End PBXFrameworksBuildPhase section */

/* Begin PBXGroup section */
		3E10C73E2B24F6390069F7C8 = {
			isa = PBXGroup;
			children = (
				3E10C7432B24F6390069F7C8 /* Shared */,
				3E10C74E2B24F63B0069F7C8 /* iOS */,
				3E10C7552B24F63B0069F7C8 /* macOS */,
				3E10C74D2B24F63B0069F7C8 /* Products */,
			);
			sourceTree = "<group>";
		};
		3E10C7432B24F6390069F7C8 /* Shared */ = {
			isa = PBXGroup;
			children = (
				3E10C7442B24F6390069F7C8 /* first_gitApp.swift */,
				3E10C7452B24F6390069F7C8 /* first_gitDocument.swift */,
				3E10C7462B24F6390069F7C8 /* ContentView.swift */,
				3E10C7472B24F63B0069F7C8 /* Assets.xcassets */,
			);
			path = Shared;
			sourceTree = "<group>";
		};
		3E10C74D2B24F63B0069F7C8 /* Products */ = {
			isa = PBXGroup;
			children = (
				3E10C74C2B24F63B0069F7C8 /* first git.app */,
				3E10C7542B24F63B0069F7C8 /* first git.app */,
			);
			name = Products;
			sourceTree = "<group>";
		};
		3E10C74E2B24F63B0069F7C8 /* iOS */ = {
			isa = PBXGroup;
			children = (
				3E10C74F2B24F63B0069F7C8 /* Info.plist */,
			);
			path = iOS;
			sourceTree = "<group>";
		};
		3E10C7552B24F63B0069F7C8 /* macOS */ = {
			isa = PBXGroup;
			children = (
				3E10C7562B24F63B0069F7C8 /* Info.plist */,
				3E10C7572B24F63B0069F7C8 /* macOS.entitlements */,
			);
			path = macOS;
			sourceTree = "<group>";
		};
/* End PBXGroup section */

/* Begin PBXNativeTarget section */
		3E10C74B2B24F63B0069F7C8 /* first git (iOS) */ = {
			isa = PBXNativeTarget;
			buildConfigurationList = 3E10C7622B24F63B0069F7C8 /* Build configuration list for PBXNativeTarget "first git (iOS)" */;
			buildPhases = (
				3E10C7482B24F63B0069F7C8 /* Sources */,
				3E10C7492B24F63B0069F7C8 /* Frameworks */,
				3E10C74A2B24F63B0069F7C8 /* Resources */,
			);
			buildRules = (
			);
			dependencies = (
			);
			name = "first git (iOS)";
			productName = "first git (iOS)";
			productReference = 3E10C74C2B24F63B0069F7C8 /* first git.app */;
			productType = "com.apple.product-type.application";
		};
		3E10C7532B24F63B0069F7C8 /* first git (macOS) */ = {
			isa = PBXNativeTarget;
			buildConfigurationList = 3E10C7652B24F63B0069F7C8 /* Build configuration list for PBXNativeTarget "first git (macOS)" */;
			buildPhases = (
				3E10C7502B24F63B0069F7C8 /* Sources */,
				3E10C7512B24F63B0069F7C8 /* Frameworks */,
				3E10C7522B24F63B0069F7C8 /* Resources */,
			);
			buildRules = (
			);
			dependencies = (
			);
			name = "first git (macOS)";
			productName = "first git (macOS)";
			productReference = 3E10C7542B24F63B0069F7C8 /* first git.app */;
			productType = "com.apple.product-type.application";
		};
/* End PBXNativeTarget section */

/* Begin PBXProject section */
		3E10C73F2B24F6390069F7C8 /* Project object */ = {
			isa = PBXProject;
			attributes = {
				BuildIndependentTargetsInParallel = 1;
				LastSwiftUpdateCheck = 1320;
				LastUpgradeCheck = 1320;
				TargetAttributes = {
					3E10C74B2B24F63B0069F7C8 = {
						CreatedOnToolsVersion = 13.2.1;
					};
					3E10C7532B24F63B0069F7C8 = {
						CreatedOnToolsVersion = 13.2.1;
					};
				};
			};
			buildConfigurationList = 3E10C7422B24F6390069F7C8 /* Build configuration list for PBXProject "first git" */;
			compatibilityVersion = "Xcode 13.0";
			developmentRegion = en;
			hasScannedForEncodings = 0;
			knownRegions = (
				en,
				Base,
			);
			mainGroup = 3E10C73E2B24F6390069F7C8;
			productRefGroup = 3E10C74D2B24F63B0069F7C8 /* Products */;
			projectDirPath = "";
			projectRoot = "";
			targets = (
				3E10C74B2B24F63B0069F7C8 /* first git (iOS) */,
				3E10C7532B24F63B0069F7C8 /* first git (macOS) */,
			);
		};
/* End PBXProject section */

/* Begin PBXResourcesBuildPhase section */
		3E10C74A2B24F63B0069F7C8 /* Resources */ = {
			isa = PBXResourcesBuildPhase;
			buildActionMask = 2147483647;
			files = (
				3E10C75E2B24F63B0069F7C8 /* Assets.xcassets in Resources */,
			);
			runOnlyForDeploymentPostprocessing = 0;
		};
		3E10C7522B24F63B0069F7C8 /* Resources */ = {
			isa = PBXResourcesBuildPhase;
			buildActionMask = 2147483647;
			files = (
				3E10C75F2B24F63B0069F7C8 /* Assets.xcassets in Resources */,
			);
			runOnlyForDeploymentPostprocessing = 0;
		};
/* End PBXResourcesBuildPhase section */

/* Begin PBXSourcesBuildPhase section */
		3E10C7482B24F63B0069F7C8 /* Sources */ = {
			isa = PBXSourcesBuildPhase;
			buildActionMask = 2147483647;
			files = (
				3E10C75A2B24F63B0069F7C8 /* first_gitDocument.swift in Sources */,
				3E10C7582B24F63B0069F7C8 /* first_gitApp.swift in Sources */,
				3E10C75C2B24F63B0069F7C8 /* ContentView.swift in Sources */,
			);
			runOnlyForDeploymentPostprocessing = 0;
		};
		3E10C7502B24F63B0069F7C8 /* Sources */ = {
			isa = PBXSourcesBuildPhase;
			buildActionMask = 2147483647;
			files = (
				3E10C75B2B24F63B0069F7C8 /* first_gitDocument.swift in Sources */,
				3E10C7592B24F63B0069F7C8 /* first_gitApp.swift in Sources */,
				3E10C75D2B24F63B0069F7C8 /* ContentView.swift in Sources */,
			);
			runOnlyForDeploymentPostprocessing = 0;
		};
/* End PBXSourcesBuildPhase section */

/* Begin XCBuildConfiguration section */
		3E10C7602B24F63B0069F7C8 /* Debug */ = {
			isa = XCBuildConfiguration;
			buildSettings = {
				ALWAYS_SEARCH_USER_PATHS = NO;
				CLANG_ANALYZER_NONNULL = YES;
				CLANG_ANALYZER_NUMBER_OBJECT_CONVERSION = YES_AGGRESSIVE;
				CLANG_CXX_LANGUAGE_STANDARD = "gnu++17";
				CLANG_CXX_LIBRARY = "libc++";
				CLANG_ENABLE_MODULES = YES;
				CLANG_ENABLE_OBJC_ARC = YES;
				CLANG_ENABLE_OBJC_WEAK = YES;
				CLANG_WARN_BLOCK_CAPTURE_AUTORELEASING = YES;
				CLANG_WARN_BOOL_CONVERSION = YES;
				CLANG_WARN_COMMA = YES;
				CLANG_WARN_CONSTANT_CONVERSION = YES;
				CLANG_WARN_DEPRECATED_OBJC_IMPLEMENTATIONS = YES;
				CLANG_WARN_DIRECT_OBJC_ISA_USAGE = YES_ERROR;
				CLANG_WARN_DOCUMENTATION_COMMENTS = YES;
				CLANG_WARN_EMPTY_BODY = YES;
				CLANG_WARN_ENUM_CONVERSION = YES;
				CLANG_WARN_INFINITE_RECURSION = YES;
				CLANG_WARN_INT_CONVERSION = YES;
				CLANG_WARN_NON_LITERAL_NULL_CONVERSION = YES;
				CLANG_WARN_OBJC_IMPLICIT_RETAIN_SELF = YES;
				CLANG_WARN_OBJC_LITERAL_CONVERSION = YES;
				CLANG_WARN_OBJC_ROOT_CLASS = YES_ERROR;
				CLANG_WARN_QUOTED_INCLUDE_IN_FRAMEWORK_HEADER = YES;
				CLANG_WARN_RANGE_LOOP_ANALYSIS = YES;
				CLANG_WARN_STRICT_PROTOTYPES = YES;
				CLANG_WARN_SUSPICIOUS_MOVE = YES;
				CLANG_WARN_UNGUARDED_AVAILABILITY = YES_AGGRESSIVE;
				CLANG_WARN_UNREACHABLE_CODE = YES;
				CLANG_WARN__DUPLICATE_METHOD_MATCH = YES;
				COPY_PHASE_STRIP = NO;
				DEBUG_INFORMATION_FORMAT = dwarf;
				ENABLE_STRICT_OBJC_MSGSEND = YES;
				ENABLE_TESTABILITY = YES;
				GCC_C_LANGUAGE_STANDARD = gnu11;
				GCC_DYNAMIC_NO_PIC = NO;
				GCC_NO_COMMON_BLOCKS = YES;
				GCC_OPTIMIZATION_LEVEL = 0;
				GCC_PREPROCESSOR_DEFINITIONS = (
					"DEBUG=1",
					"$(inherited)",
				);
				GCC_WARN_64_TO_32_BIT_CONVERSION = YES;
				GCC_WARN_ABOUT_RETURN_TYPE = YES_ERROR;
				GCC_WARN_UNDECLARED_SELECTOR = YES;
				GCC_WARN_UNINITIALIZED_AUTOS = YES_AGGRESSIVE;
				GCC_WARN_UNUSED_FUNCTION = YES;
				GCC_WARN_UNUSED_VARIABLE = YES;
				MTL_ENABLE_DEBUG_INFO = INCLUDE_SOURCE;
				MTL_FAST_MATH = YES;
				ONLY_ACTIVE_ARCH = YES;
				SWIFT_ACTIVE_COMPILATION_CONDITIONS = DEBUG;
				SWIFT_OPTIMIZATION_LEVEL = "-Onone";
			};
			name = Debug;
		};
		3E10C7612B24F63B0069F7C8 /* Release */ = {
			isa = XCBuildConfiguration;
			buildSettings = {
				ALWAYS_SEARCH_USER_PATHS = NO;
				CLANG_ANALYZER_NONNULL = YES;
				CLANG_ANALYZER_NUMBER_OBJECT_CONVERSION = YES_AGGRESSIVE;
				CLANG_CXX_LANGUAGE_STANDARD = "gnu++17";
				CLANG_CXX_LIBRARY = "libc++";
				CLANG_ENABLE_MODULES = YES;
				CLANG_ENABLE_OBJC_ARC = YES;
				CLANG_ENABLE_OBJC_WEAK = YES;
				CLANG_WARN_BLOCK_CAPTURE_AUTORELEASING = YES;
				CLANG_WARN_BOOL_CONVERSION = YES;
				CLANG_WARN_COMMA = YES;
				CLANG_WARN_CONSTANT_CONVERSION = YES;
				CLANG_WARN_DEPRECATED_OBJC_IMPLEMENTATIONS = YES;
				CLANG_WARN_DIRECT_OBJC_ISA_USAGE = YES_ERROR;
				CLANG_WARN_DOCUMENTATION_COMMENTS = YES;
				CLANG_WARN_EMPTY_BODY = YES;
				CLANG_WARN_ENUM_CONVERSION = YES;
				CLANG_WARN_INFINITE_RECURSION = YES;
				CLANG_WARN_INT_CONVERSION = YES;
				CLANG_WARN_NON_LITERAL_NULL_CONVERSION = YES;
				CLANG_WARN_OBJC_IMPLICIT_RETAIN_SELF = YES;
				CLANG_WARN_OBJC_LITERAL_CONVERSION = YES;
				CLANG_WARN_OBJC_ROOT_CLASS = YES_ERROR;
				CLANG_WARN_QUOTED_INCLUDE_IN_FRAMEWORK_HEADER = YES;
				CLANG_WARN_RANGE_LOOP_ANALYSIS = YES;
				CLANG_WARN_STRICT_PROTOTYPES = YES;
				CLANG_WARN_SUSPICIOUS_MOVE = YES;
				CLANG_WARN_UNGUARDED_AVAILABILITY = YES_AGGRESSIVE;
				CLANG_WARN_UNREACHABLE_CODE = YES;
				CLANG_WARN__DUPLICATE_METHOD_MATCH = YES;
				COPY_PHASE_STRIP = NO;
				DEBUG_INFORMATION_FORMAT = "dwarf-with-dsym";
				ENABLE_NS_ASSERTIONS = NO;
				ENABLE_STRICT_OBJC_MSGSEND = YES;
				GCC_C_LANGUAGE_STANDARD = gnu11;
				GCC_NO_COMMON_BLOCKS = YES;
				GCC_WARN_64_TO_32_BIT_CONVERSION = YES;
				GCC_WARN_ABOUT_RETURN_TYPE = YES_ERROR;
				GCC_WARN_UNDECLARED_SELECTOR = YES;
				GCC_WARN_UNINITIALIZED_AUTOS = YES_AGGRESSIVE;
				GCC_WARN_UNUSED_FUNCTION = YES;
				GCC_WARN_UNUSED_VARIABLE = YES;
				MTL_ENABLE_DEBUG_INFO = NO;
				MTL_FAST_MATH = YES;
				SWIFT_COMPILATION_MODE = wholemodule;
				SWIFT_OPTIMIZATION_LEVEL = "-O";
			};
			name = Release;
		};
		3E10C7632B24F63B0069F7C8 /* Debug */ = {
			isa = XCBuildConfiguration;
			buildSettings = {
				ASSETCATALOG_COMPILER_APPICON_NAME = AppIcon;
				ASSETCATALOG_COMPILER_GLOBAL_ACCENT_COLOR_NAME = AccentColor;
				CODE_SIGN_STYLE = Automatic;
				CURRENT_PROJECT_VERSION = 1;
				ENABLE_PREVIEWS = YES;
				GENERATE_INFOPLIST_FILE = YES;
				INFOPLIST_FILE = iOS/Info.plist;
				INFOPLIST_KEY_LSSupportsOpeningDocumentsInPlace = YES;
				INFOPLIST_KEY_UIApplicationSceneManifest_Generation = YES;
				INFOPLIST_KEY_UIApplicationSupportsIndirectInputEvents = YES;
				INFOPLIST_KEY_UILaunchScreen_Generation = YES;
				INFOPLIST_KEY_UISupportedInterfaceOrientations_iPad = "UIInterfaceOrientationPortrait UIInterfaceOrientationPortraitUpsideDown UIInterfaceOrientationLandscapeLeft UIInterfaceOrientationLandscapeRight";
				INFOPLIST_KEY_UISupportedInterfaceOrientations_iPhone = "UIInterfaceOrientationPortrait UIInterfaceOrientationLandscapeLeft UIInterfaceOrientationLandscapeRight";
				INFOPLIST_KEY_UISupportsDocumentBrowser = YES;
				IPHONEOS_DEPLOYMENT_TARGET = 15.2;
				LD_RUNPATH_SEARCH_PATHS = (
					"$(inherited)",
					"@executable_path/Frameworks",
				);
				MARKETING_VERSION = 1.0;
				PRODUCT_BUNDLE_IDENTIFIER = "sdf.first-git";
				PRODUCT_NAME = "first git";
				SDKROOT = iphoneos;
				SWIFT_EMIT_LOC_STRINGS = YES;
				SWIFT_VERSION = 5.0;
				TARGETED_DEVICE_FAMILY = "1,2";
			};
			name = Debug;
		};
		3E10C7642B24F63B0069F7C8 /* Release */ = {
			isa = XCBuildConfiguration;
			buildSettings = {
				ASSETCATALOG_COMPILER_APPICON_NAME = AppIcon;
				ASSETCATALOG_COMPILER_GLOBAL_ACCENT_COLOR_NAME = AccentColor;
				CODE_SIGN_STYLE = Automatic;
				CURRENT_PROJECT_VERSION = 1;
				ENABLE_PREVIEWS = YES;
				GENERATE_INFOPLIST_FILE = YES;
				INFOPLIST_FILE = iOS/Info.plist;
				INFOPLIST_KEY_LSSupportsOpeningDocumentsInPlace = YES;
				INFOPLIST_KEY_UIApplicationSceneManifest_Generation = YES;
				INFOPLIST_KEY_UIApplicationSupportsIndirectInputEvents = YES;
				INFOPLIST_KEY_UILaunchScreen_Generation = YES;
				INFOPLIST_KEY_UISupportedInterfaceOrientations_iPad = "UIInterfaceOrientationPortrait UIInterfaceOrientationPortraitUpsideDown UIInterfaceOrientationLandscapeLeft UIInterfaceOrientationLandscapeRight";
				INFOPLIST_KEY_UISupportedInterfaceOrientations_iPhone = "UIInterfaceOrientationPortrait UIInterfaceOrientationLandscapeLeft UIInterfaceOrientationLandscapeRight";
				INFOPLIST_KEY_UISupportsDocumentBrowser = YES;
				IPHONEOS_DEPLOYMENT_TARGET = 15.2;
				LD_RUNPATH_SEARCH_PATHS = (
					"$(inherited)",
					"@executable_path/Frameworks",
				);
				MARKETING_VERSION = 1.0;
				PRODUCT_BUNDLE_IDENTIFIER = "sdf.first-git";
				PRODUCT_NAME = "first git";
				SDKROOT = iphoneos;
				SWIFT_EMIT_LOC_STRINGS = YES;
				SWIFT_VERSION = 5.0;
				TARGETED_DEVICE_FAMILY = "1,2";
				VALIDATE_PRODUCT = YES;
			};
			name = Release;
		};
		3E10C7662B24F63B0069F7C8 /* Debug */ = {
			isa = XCBuildConfiguration;
			buildSettings = {
				ASSETCATALOG_COMPILER_APPICON_NAME = AppIcon;
				ASSETCATALOG_COMPILER_GLOBAL_ACCENT_COLOR_NAME = AccentColor;
				CODE_SIGN_ENTITLEMENTS = macOS/macOS.entitlements;
				CODE_SIGN_STYLE = Automatic;
				COMBINE_HIDPI_IMAGES = YES;
				CURRENT_PROJECT_VERSION = 1;
				ENABLE_PREVIEWS = YES;
				GENERATE_INFOPLIST_FILE = YES;
				INFOPLIST_FILE = macOS/Info.plist;
				INFOPLIST_KEY_NSHumanReadableCopyright = "";
				LD_RUNPATH_SEARCH_PATHS = (
					"$(inherited)",
					"@executable_path/../Frameworks",
				);
				MACOSX_DEPLOYMENT_TARGET = 12.1;
				MARKETING_VERSION = 1.0;
				PRODUCT_BUNDLE_IDENTIFIER = "sdf.first-git";
				PRODUCT_NAME = "first git";
				SDKROOT = macosx;
				SWIFT_EMIT_LOC_STRINGS = YES;
				SWIFT_VERSION = 5.0;
			};
			name = Debug;
		};
		3E10C7672B24F63B0069F7C8 /* Release */ = {
			isa = XCBuildConfiguration;
			buildSettings = {
				ASSETCATALOG_COMPILER_APPICON_NAME = AppIcon;
				ASSETCATALOG_COMPILER_GLOBAL_ACCENT_COLOR_NAME = AccentColor;
				CODE_SIGN_ENTITLEMENTS = macOS/macOS.entitlements;
				CODE_SIGN_STYLE = Automatic;
				COMBINE_HIDPI_IMAGES = YES;
				CURRENT_PROJECT_VERSION = 1;
				ENABLE_PREVIEWS = YES;
				GENERATE_INFOPLIST_FILE = YES;
				INFOPLIST_FILE = macOS/Info.plist;
				INFOPLIST_KEY_NSHumanReadableCopyright = "";
				LD_RUNPATH_SEARCH_PATHS = (
					"$(inherited)",
					"@executable_path/../Frameworks",
				);
				MACOSX_DEPLOYMENT_TARGET = 12.1;
				MARKETING_VERSION = 1.0;
				PRODUCT_BUNDLE_IDENTIFIER = "sdf.first-git";
				PRODUCT_NAME = "first git";
				SDKROOT = macosx;
				SWIFT_EMIT_LOC_STRINGS = YES;
				SWIFT_VERSION = 5.0;
			};
			name = Release;
		};
/* End XCBuildConfiguration section */

/* Begin XCConfigurationList section */
		3E10C7422B24F6390069F7C8 /* Build configuration list for PBXProject "first git" */ = {
			isa = XCConfigurationList;
			buildConfigurations = (
				3E10C7602B24F63B0069F7C8 /* Debug */,
				3E10C7612B24F63B0069F7C8 /* Release */,
			);
			defaultConfigurationIsVisible = 0;
			defaultConfigurationName = Release;
		};
		3E10C7622B24F63B0069F7C8 /* Build configuration list for PBXNativeTarget "first git (iOS)" */ = {
			isa = XCConfigurationList;
			buildConfigurations = (
				3E10C7632B24F63B0069F7C8 /* Debug */,
				3E10C7642B24F63B0069F7C8 /* Release */,
			);
			defaultConfigurationIsVisible = 0;
			defaultConfigurationName = Release;
		};
		3E10C7652B24F63B0069F7C8 /* Build configuration list for PBXNativeTarget "first git (macOS)" */ = {
			isa = XCConfigurationList;
			buildConfigurations = (
				3E10C7662B24F63B0069F7C8 /* Debug */,
				3E10C7672B24F63B0069F7C8 /* Release */,
			);
			defaultConfigurationIsVisible = 0;
			defaultConfigurationName = Release;
		};
/* End XCConfigurationList section */
	};
	rootObject = 3E10C73F2B24F6390069F7C8 /* Project object */;
}
